
Microsoft Visual Studio Solution File, Format Version 12.00
# Visual Studio 14
VisualStudioVersion = 14.0.25420.1
MinimumVisualStudioVersion = 10.0.40219.1
Project("{F184B08F-C81C-45F6-A57F-5ABD9991F28F}") = "JumpGo Standard Edition", "JumpGo\JumpGo Standard Edition.vbproj", "{42100B9F-6E5F-4907-81B4-29763D0D55C4}"
EndProject
Project("{54435603-DBB4-11D2-8724-00A0C9A8B90C}") = "JGSetupTBU", "JGSetupTBU\JGSetupTBU.vdproj", "{F1D5CEDA-4AE1-44E5-9B5C-782E159673AC}"
EndProject
Project("{F184B08F-C81C-45F6-A57F-5ABD9991F28F}") = "JGUpdater", "JGUpdater\JGUpdater.vbproj", "{CBFB2BAC-1265-4246-8544-A61F25E6A33C}"
EndProject
Project("{F184B08F-C81C-45F6-A57F-5ABD9991F28F}") = "JGUpdaterElevated", "JGUpdaterElevated\JGUpdaterElevated.vbproj", "{E1602119-B58F-43CF-BAAD-5044552F1C5E}"
EndProject
Project("{F184B08F-C81C-45F6-A57F-5ABD9991F28F}") = "JumpGo Developer Edition", "JumpGoDev\JumpGo Developer Edition.vbproj", "{89A975D5-4AF8-4C2C-8FAB-56C5733BA893}"
EndProject
Project("{54435603-DBB4-11D2-8724-00A0C9A8B90C}") = "JGSetupDE", "JGSetupDE\JGSetupDE.vdproj", "{D81424D9-CEE6-408E-8623-78C77E66D59F}"
EndProject
Project("{FAE04EC0-301F-11D3-BF4B-00C04F79EFBC}") = "JumpGo Universal Edition", "JumpGo Universal Edition\JumpGo Universal Edition.csproj", "{84CEB869-6988-42D1-8C29-2DE641E8617E}"
EndProject
Global
	GlobalSection(SolutionConfigurationPlatforms) = preSolution
		Debug|Any CPU = Debug|Any CPU
		Debug|ARM = Debug|ARM
		Debug|x64 = Debug|x64
		Debug|x86 = Debug|x86
		Release|Any CPU = Release|Any CPU
		Release|ARM = Release|ARM
		Release|x64 = Release|x64
		Release|x86 = Release|x86
	EndGlobalSection
	GlobalSection(ProjectConfigurationPlatforms) = postSolution
		{42100B9F-6E5F-4907-81B4-29763D0D55C4}.Debug|Any CPU.ActiveCfg = Debug|Any CPU
		{42100B9F-6E5F-4907-81B4-29763D0D55C4}.Debug|Any CPU.Build.0 = Debug|Any CPU
		{42100B9F-6E5F-4907-81B4-29763D0D55C4}.Debug|Any CPU.Deploy.0 = Debug|Any CPU
		{42100B9F-6E5F-4907-81B4-29763D0D55C4}.Debug|ARM.ActiveCfg = Debug|Any CPU
		{42100B9F-6E5F-4907-81B4-29763D0D55C4}.Debug|ARM.Build.0 = Debug|Any CPU
		{42100B9F-6E5F-4907-81B4-29763D0D55C4}.Debug|x64.ActiveCfg = Debug|Any CPU
		{42100B9F-6E5F-4907-81B4-29763D0D55C4}.Debug|x64.Build.0 = Debug|Any CPU
		{42100B9F-6E5F-4907-81B4-29763D0D55C4}.Debug|x86.ActiveCfg = Debug|Any CPU
		{42100B9F-6E5F-4907-81B4-29763D0D55C4}.Debug|x86.Build.0 = Debug|Any CPU
		{42100B9F-6E5F-4907-81B4-29763D0D55C4}.Release|Any CPU.ActiveCfg = Release|Any CPU
		{42100B9F-6E5F-4907-81B4-29763D0D55C4}.Release|Any CPU.Build.0 = Release|Any CPU
		{42100B9F-6E5F-4907-81B4-29763D0D55C4}.Release|Any CPU.Deploy.0 = Release|Any CPU
		{42100B9F-6E5F-4907-81B4-29763D0D55C4}.Release|ARM.ActiveCfg = Release|Any CPU
		{42100B9F-6E5F-4907-81B4-29763D0D55C4}.Release|ARM.Build.0 = Release|Any CPU
		{42100B9F-6E5F-4907-81B4-29763D0D55C4}.Release|x64.ActiveCfg = Release|Any CPU
		{42100B9F-6E5F-4907-81B4-29763D0D55C4}.Release|x64.Build.0 = Release|Any CPU
		{42100B9F-6E5F-4907-81B4-29763D0D55C4}.Release|x86.ActiveCfg = Release|Any CPU
		{42100B9F-6E5F-4907-81B4-29763D0D55C4}.Release|x86.Build.0 = Release|Any CPU
		{F1D5CEDA-4AE1-44E5-9B5C-782E159673AC}.Debug|Any CPU.ActiveCfg = Debug
		{F1D5CEDA-4AE1-44E5-9B5C-782E159673AC}.Debug|ARM.ActiveCfg = Debug
		{F1D5CEDA-4AE1-44E5-9B5C-782E159673AC}.Debug|ARM.Build.0 = Debug
		{F1D5CEDA-4AE1-44E5-9B5C-782E159673AC}.Debug|x64.ActiveCfg = Debug
		{F1D5CEDA-4AE1-44E5-9B5C-782E159673AC}.Debug|x64.Build.0 = Debug
		{F1D5CEDA-4AE1-44E5-9B5C-782E159673AC}.Debug|x86.ActiveCfg = Debug
		{F1D5CEDA-4AE1-44E5-9B5C-782E159673AC}.Debug|x86.Build.0 = Debug
		{F1D5CEDA-4AE1-44E5-9B5C-782E159673AC}.Release|Any CPU.ActiveCfg = Release
		{F1D5CEDA-4AE1-44E5-9B5C-782E159673AC}.Release|ARM.ActiveCfg = Release
		{F1D5CEDA-4AE1-44E5-9B5C-782E159673AC}.Release|ARM.Build.0 = Release
		{F1D5CEDA-4AE1-44E5-9B5C-782E159673AC}.Release|x64.ActiveCfg = Release
		{F1D5CEDA-4AE1-44E5-9B5C-782E159673AC}.Release|x64.Build.0 = Release
		{F1D5CEDA-4AE1-44E5-9B5C-782E159673AC}.Release|x86.ActiveCfg = Release
		{F1D5CEDA-4AE1-44E5-9B5C-782E159673AC}.Release|x86.Build.0 = Release
		{CBFB2BAC-1265-4246-8544-A61F25E6A33C}.Debug|Any CPU.ActiveCfg = Debug|Any CPU
		{CBFB2BAC-1265-4246-8544-A61F25E6A33C}.Debug|Any CPU.Build.0 = Debug|Any CPU
		{CBFB2BAC-1265-4246-8544-A61F25E6A33C}.Debug|Any CPU.Deploy.0 = Debug|Any CPU
		{CBFB2BAC-1265-4246-8544-A61F25E6A33C}.Debug|ARM.ActiveCfg = Debug|Any CPU
		{CBFB2BAC-1265-4246-8544-A61F25E6A33C}.Debug|ARM.Build.0 = Debug|Any CPU
		{CBFB2BAC-1265-4246-8544-A61F25E6A33C}.Debug|x64.ActiveCfg = Debug|Any CPU
		{CBFB2BAC-1265-4246-8544-A61F25E6A33C}.Debug|x64.Build.0 = Debug|Any CPU
		{CBFB2BAC-1265-4246-8544-A61F25E6A33C}.Debug|x86.ActiveCfg = Debug|Any CPU
		{CBFB2BAC-1265-4246-8544-A61F25E6A33C}.Debug|x86.Build.0 = Debug|Any CPU
		{CBFB2BAC-1265-4246-8544-A61F25E6A33C}.Release|Any CPU.ActiveCfg = Release|Any CPU
		{CBFB2BAC-1265-4246-8544-A61F25E6A33C}.Release|Any CPU.Build.0 = Release|Any CPU
		{CBFB2BAC-1265-4246-8544-A61F25E6A33C}.Release|ARM.ActiveCfg = Release|Any CPU
		{CBFB2BAC-1265-4246-8544-A61F25E6A33C}.Release|ARM.Build.0 = Release|Any CPU
		{CBFB2BAC-1265-4246-8544-A61F25E6A33C}.Release|x64.ActiveCfg = Release|Any CPU
		{CBFB2BAC-1265-4246-8544-A61F25E6A33C}.Release|x64.Build.0 = Release|Any CPU
		{CBFB2BAC-1265-4246-8544-A61F25E6A33C}.Release|x86.ActiveCfg = Release|Any CPU
		{CBFB2BAC-1265-4246-8544-A61F25E6A33C}.Release|x86.Build.0 = Release|Any CPU
		{E1602119-B58F-43CF-BAAD-5044552F1C5E}.Debug|Any CPU.ActiveCfg = Debug|Any CPU
		{E1602119-B58F-43CF-BAAD-5044552F1C5E}.Debug|Any CPU.Build.0 = Debug|Any CPU
		{E1602119-B58F-43CF-BAAD-5044552F1C5E}.Debug|ARM.ActiveCfg = Debug|Any CPU
		{E1602119-B58F-43CF-BAAD-5044552F1C5E}.Debug|ARM.Build.0 = Debug|Any CPU
		{E1602119-B58F-43CF-BAAD-5044552F1C5E}.Debug|x64.ActiveCfg = Debug|Any CPU
		{E1602119-B58F-43CF-BAAD-5044552F1C5E}.Debug|x64.Build.0 = Debug|Any CPU
		{E1602119-B58F-43CF-BAAD-5044552F1C5E}.Debug|x86.ActiveCfg = Debug|Any CPU
		{E1602119-B58F-43CF-BAAD-5044552F1C5E}.Debug|x86.Build.0 = Debug|Any CPU
		{E1602119-B58F-43CF-BAAD-5044552F1C5E}.Release|Any CPU.ActiveCfg = Release|Any CPU
		{E1602119-B58F-43CF-BAAD-5044552F1C5E}.Release|Any CPU.Build.0 = Release|Any CPU
		{E1602119-B58F-43CF-BAAD-5044552F1C5E}.Release|ARM.ActiveCfg = Release|Any CPU
		{E1602119-B58F-43CF-BAAD-5044552F1C5E}.Release|ARM.Build.0 = Release|Any CPU
		{E1602119-B58F-43CF-BAAD-5044552F1C5E}.Release|x64.ActiveCfg = Release|Any CPU
		{E1602119-B58F-43CF-BAAD-5044552F1C5E}.Release|x64.Build.0 = Release|Any CPU
		{E1602119-B58F-43CF-BAAD-5044552F1C5E}.Release|x86.ActiveCfg = Release|Any CPU
		{E1602119-B58F-43CF-BAAD-5044552F1C5E}.Release|x86.Build.0 = Release|Any CPU
		{89A975D5-4AF8-4C2C-8FAB-56C5733BA893}.Debug|Any CPU.ActiveCfg = Debug|Any CPU
		{89A975D5-4AF8-4C2C-8FAB-56C5733BA893}.Debug|Any CPU.Build.0 = Debug|Any CPU
		{89A975D5-4AF8-4C2C-8FAB-56C5733BA893}.Debug|ARM.ActiveCfg = Debug|Any CPU
		{89A975D5-4AF8-4C2C-8FAB-56C5733BA893}.Debug|ARM.Build.0 = Debug|Any CPU
		{89A975D5-4AF8-4C2C-8FAB-56C5733BA893}.Debug|x64.ActiveCfg = Debug|Any CPU
		{89A975D5-4AF8-4C2C-8FAB-56C5733BA893}.Debug|x64.Build.0 = Debug|Any CPU
		{89A975D5-4AF8-4C2C-8FAB-56C5733BA893}.Debug|x86.ActiveCfg = Debug|Any CPU
		{89A975D5-4AF8-4C2C-8FAB-56C5733BA893}.Debug|x86.Build.0 = Debug|Any CPU
		{89A975D5-4AF8-4C2C-8FAB-56C5733BA893}.Release|Any CPU.ActiveCfg = Release|Any CPU
		{89A975D5-4AF8-4C2C-8FAB-56C5733BA893}.Release|Any CPU.Build.0 = Release|Any CPU
		{89A975D5-4AF8-4C2C-8FAB-56C5733BA893}.Release|ARM.ActiveCfg = Release|Any CPU
		{89A975D5-4AF8-4C2C-8FAB-56C5733BA893}.Release|ARM.Build.0 = Release|Any CPU
		{89A975D5-4AF8-4C2C-8FAB-56C5733BA893}.Release|x64.ActiveCfg = Release|Any CPU
		{89A975D5-4AF8-4C2C-8FAB-56C5733BA893}.Release|x64.Build.0 = Release|Any CPU
		{89A975D5-4AF8-4C2C-8FAB-56C5733BA893}.Release|x86.ActiveCfg = Release|Any CPU
		{89A975D5-4AF8-4C2C-8FAB-56C5733BA893}.Release|x86.Build.0 = Release|Any CPU
		{D81424D9-CEE6-408E-8623-78C77E66D59F}.Debug|Any CPU.ActiveCfg = Debug
		{D81424D9-CEE6-408E-8623-78C77E66D59F}.Debug|ARM.ActiveCfg = Debug
		{D81424D9-CEE6-408E-8623-78C77E66D59F}.Debug|x64.ActiveCfg = Debug
		{D81424D9-CEE6-408E-8623-78C77E66D59F}.Debug|x86.ActiveCfg = Debug
		{D81424D9-CEE6-408E-8623-78C77E66D59F}.Release|Any CPU.ActiveCfg = Release
		{D81424D9-CEE6-408E-8623-78C77E66D59F}.Release|ARM.ActiveCfg = Release
		{D81424D9-CEE6-408E-8623-78C77E66D59F}.Release|x64.ActiveCfg = Release
		{D81424D9-CEE6-408E-8623-78C77E66D59F}.Release|x86.ActiveCfg = Release
		{84CEB869-6988-42D1-8C29-2DE641E8617E}.Debug|Any CPU.ActiveCfg = Debug|x86
		{84CEB869-6988-42D1-8C29-2DE641E8617E}.Debug|Any CPU.Build.0 = Debug|x86
		{84CEB869-6988-42D1-8C29-2DE641E8617E}.Debug|Any CPU.Deploy.0 = Debug|x86
		{84CEB869-6988-42D1-8C29-2DE641E8617E}.Debug|ARM.ActiveCfg = Debug|ARM
		{84CEB869-6988-42D1-8C29-2DE641E8617E}.Debug|ARM.Build.0 = Debug|ARM
		{84CEB869-6988-42D1-8C29-2DE641E8617E}.Debug|ARM.Deploy.0 = Debug|ARM
		{84CEB869-6988-42D1-8C29-2DE641E8617E}.Debug|x64.ActiveCfg = Debug|x64
		{84CEB869-6988-42D1-8C29-2DE641E8617E}.Debug|x64.Build.0 = Debug|x64
		{84CEB869-6988-42D1-8C29-2DE641E8617E}.Debug|x64.Deploy.0 = Debug|x64
		{84CEB869-6988-42D1-8C29-2DE641E8617E}.Debug|x86.ActiveCfg = Debug|x86
		{84CEB869-6988-42D1-8C29-2DE641E8617E}.Debug|x86.Build.0 = Debug|x86
		{84CEB869-6988-42D1-8C29-2DE641E8617E}.Debug|x86.Deploy.0 = Debug|x86
		{84CEB869-6988-42D1-8C29-2DE641E8617E}.Release|Any CPU.ActiveCfg = Release|x86
		{84CEB869-6988-42D1-8C29-2DE641E8617E}.Release|Any CPU.Build.0 = Release|x86
		{84CEB869-6988-42D1-8C29-2DE641E8617E}.Release|Any CPU.Deploy.0 = Release|x86
		{84CEB869-6988-42D1-8C29-2DE641E8617E}.Release|ARM.ActiveCfg = Release|ARM
		{84CEB869-6988-42D1-8C29-2DE641E8617E}.Release|ARM.Build.0 = Release|ARM
		{84CEB869-6988-42D1-8C29-2DE641E8617E}.Release|ARM.Deploy.0 = Release|ARM
		{84CEB869-6988-42D1-8C29-2DE641E8617E}.Release|x64.ActiveCfg = Release|x64
		{84CEB869-6988-42D1-8C29-2DE641E8617E}.Release|x64.Build.0 = Release|x64
		{84CEB869-6988-42D1-8C29-2DE641E8617E}.Release|x64.Deploy.0 = Release|x64
		{84CEB869-6988-42D1-8C29-2DE641E8617E}.Release|x86.ActiveCfg = Release|x86
		{84CEB869-6988-42D1-8C29-2DE641E8617E}.Release|x86.Build.0 = Release|x86
		{84CEB869-6988-42D1-8C29-2DE641E8617E}.Release|x86.Deploy.0 = Release|x86
	EndGlobalSection
	GlobalSection(SolutionProperties) = preSolution
		HideSolutionNode = FALSE
	EndGlobalSection
EndGlobal
