
Microsoft Visual Studio Solution File, Format Version 12.00
# Visual Studio 14
VisualStudioVersion = 14.0.25123.0
MinimumVisualStudioVersion = 10.0.40219.1
Project("{F184B08F-C81C-45F6-A57F-5ABD9991F28F}") = "JumpGo Standard Edition", "JumpGo\JumpGo Standard Edition.vbproj", "{42100B9F-6E5F-4907-81B4-29763D0D55C4}"
EndProject
Project("{54435603-DBB4-11D2-8724-00A0C9A8B90C}") = "JGSetupTBU", "JGSetupTBU\JGSetupTBU.vdproj", "{F1D5CEDA-4AE1-44E5-9B5C-782E159673AC}"
EndProject
Project("{F184B08F-C81C-45F6-A57F-5ABD9991F28F}") = "JGUpdater", "JGUpdater\JGUpdater.vbproj", "{CBFB2BAC-1265-4246-8544-A61F25E6A33C}"
EndProject
Global
	GlobalSection(SolutionConfigurationPlatforms) = preSolution
		Debug|Any CPU = Debug|Any CPU
		Release|Any CPU = Release|Any CPU
	EndGlobalSection
	GlobalSection(ProjectConfigurationPlatforms) = postSolution
		{42100B9F-6E5F-4907-81B4-29763D0D55C4}.Debug|Any CPU.ActiveCfg = Debug|Any CPU
		{42100B9F-6E5F-4907-81B4-29763D0D55C4}.Debug|Any CPU.Build.0 = Debug|Any CPU
		{42100B9F-6E5F-4907-81B4-29763D0D55C4}.Debug|Any CPU.Deploy.0 = Debug|Any CPU
		{42100B9F-6E5F-4907-81B4-29763D0D55C4}.Release|Any CPU.ActiveCfg = Release|Any CPU
		{42100B9F-6E5F-4907-81B4-29763D0D55C4}.Release|Any CPU.Build.0 = Release|Any CPU
		{42100B9F-6E5F-4907-81B4-29763D0D55C4}.Release|Any CPU.Deploy.0 = Release|Any CPU
		{F1D5CEDA-4AE1-44E5-9B5C-782E159673AC}.Debug|Any CPU.ActiveCfg = Debug
		{F1D5CEDA-4AE1-44E5-9B5C-782E159673AC}.Release|Any CPU.ActiveCfg = Release
		{CBFB2BAC-1265-4246-8544-A61F25E6A33C}.Debug|Any CPU.ActiveCfg = Debug|Any CPU
		{CBFB2BAC-1265-4246-8544-A61F25E6A33C}.Debug|Any CPU.Build.0 = Debug|Any CPU
		{CBFB2BAC-1265-4246-8544-A61F25E6A33C}.Debug|Any CPU.Deploy.0 = Debug|Any CPU
		{CBFB2BAC-1265-4246-8544-A61F25E6A33C}.Release|Any CPU.ActiveCfg = Release|Any CPU
		{CBFB2BAC-1265-4246-8544-A61F25E6A33C}.Release|Any CPU.Build.0 = Release|Any CPU
	EndGlobalSection
	GlobalSection(SolutionProperties) = preSolution
		HideSolutionNode = FALSE
	EndGlobalSection
EndGlobal
